<?xml version="1.0" encoding="utf-8"?>
<Project ToolsVersion="4.0" xmlns="http://schemas.microsoft.com/developer/msbuild/2003">
  <ItemGroup>
    <Filter Include="Source Files">
      <UniqueIdentifier>{4FC737F1-C7A5-4376-A066-2A32D752A2FF}</UniqueIdentifier>
      <Extensions>cpp;c;cc;cxx;def;odl;idl;hpj;bat;asm;asmx</Extensions>
    </Filter>
    <Filter Include="Header Files">
      <UniqueIdentifier>{93995380-89BD-4b04-88EB-625FBE52EBFB}</UniqueIdentifier>
      <Extensions>h;hh;hpp;hxx;hm;inl;inc;xsd</Extensions>
    </Filter>
    <Filter Include="Resource Files">
      <UniqueIdentifier>{67DA6AB6-F800-4c08-8B7A-83BB121AAD01}</UniqueIdentifier>
      <Extensions>rc;ico;cur;bmp;dlg;rc2;rct;bin;rgs;gif;jpg;jpeg;jpe;resx;tiff;tif;png;wav;mfcribbon-ms</Extensions>
    </Filter>
    <Filter Include="Shaders">
      <UniqueIdentifier>{8b6c92a8-f65d-451e-80e3-d65773602b92}</UniqueIdentifier>
    </Filter>
    <Filter Include="Header Files\Window">
      <UniqueIdentifier>{0dee3cc5-5624-40be-a48a-47e878a04ae7}</UniqueIdentifier>
    </Filter>
    <Filter Include="Header Files\Errors">
      <UniqueIdentifier>{223f1f9e-d49e-459f-bd86-8cc5afa24a98}</UniqueIdentifier>
    </Filter>
    <Filter Include="Header Files\Generic">
      <UniqueIdentifier>{a01c7219-cbb0-4cb8-85d5-9af051d0ea1a}</UniqueIdentifier>
    </Filter>
    <Filter Include="Header Files\Sound&amp;Graphic">
      <UniqueIdentifier>{af86e072-bd90-471c-8765-c5d9a996ff3b}</UniqueIdentifier>
    </Filter>
    <Filter Include="Source Files\Errors">
      <UniqueIdentifier>{adfa229b-3064-442e-a1c4-8400ab28f54c}</UniqueIdentifier>
    </Filter>
    <Filter Include="Source Files\Generic">
      <UniqueIdentifier>{afcd210f-58e9-4f8f-8f69-d593f8372d45}</UniqueIdentifier>
    </Filter>
    <Filter Include="Source Files\Sound&amp;Graphic">
      <UniqueIdentifier>{92586490-946e-4543-a966-01f51e04deda}</UniqueIdentifier>
    </Filter>
    <Filter Include="Source Files\Window">
      <UniqueIdentifier>{12031cc5-8cf4-4dfc-adc5-236b070d27ae}</UniqueIdentifier>
    </Filter>
    <Filter Include="Header Files\EmoteGame">
      <UniqueIdentifier>{7f89d9b6-dddb-43b2-9930-413ddb526709}</UniqueIdentifier>
    </Filter>
    <Filter Include="Source Files\EmoteGame">
      <UniqueIdentifier>{cbaa1926-79d8-4023-990a-e3db615019db}</UniqueIdentifier>
    </Filter>
    <Filter Include="Header Files\Board">
      <UniqueIdentifier>{385104ca-75e1-43ed-9944-ad03dc459997}</UniqueIdentifier>
    </Filter>
    <Filter Include="Source Files\Board">
      <UniqueIdentifier>{dde2672e-9d8d-4d2f-bb5b-013be008226f}</UniqueIdentifier>
    </Filter>
  </ItemGroup>
  <ItemGroup>
    <ClInclude Include="Game.h">
      <Filter>Header Files</Filter>
    </ClInclude>
    <ClInclude Include="Resource.h">
      <Filter>Header Files\Generic</Filter>
    </ClInclude>
    <ClInclude Include="Windows\ChiliWin.h">
      <Filter>Header Files\Window</Filter>
    </ClInclude>
    <ClInclude Include="Board\Board.h">
      <Filter>Header Files\Board</Filter>
    </ClInclude>
    <ClInclude Include="Board\BoardGenericData.h">
      <Filter>Header Files\Board</Filter>
    </ClInclude>
    <ClInclude Include="Emote_Game\EmoteAnimations.h">
      <Filter>Header Files\EmoteGame</Filter>
    </ClInclude>
    <ClInclude Include="Emote_Game\EmoteDecor.h">
      <Filter>Header Files\EmoteGame</Filter>
    </ClInclude>
    <ClInclude Include="Emote_Game\EmoteGame.h">
      <Filter>Header Files\EmoteGame</Filter>
    </ClInclude>
    <ClInclude Include="Emote_Game\EmoteGenericData.h">
      <Filter>Header Files\EmoteGame</Filter>
    </ClInclude>
    <ClInclude Include="Emote_Game\EmoteHuman.h">
      <Filter>Header Files\EmoteGame</Filter>
    </ClInclude>
    <ClInclude Include="Emote_Game\EmoteMap.h">
      <Filter>Header Files\EmoteGame</Filter>
    </ClInclude>
    <ClInclude Include="Sounds_Graphics\Graphics.h">
      <Filter>Header Files\Sound&amp;Graphic</Filter>
    </ClInclude>
    <ClInclude Include="Windows\Keyboard.h">
      <Filter>Header Files\Window</Filter>
    </ClInclude>
    <ClInclude Include="Windows\MainWindow.h">
      <Filter>Header Files\Window</Filter>
    </ClInclude>
    <ClInclude Include="Board\MapObject.h">
      <Filter>Header Files\Board</Filter>
    </ClInclude>
    <ClInclude Include="Windows\Mouse.h">
      <Filter>Header Files\Window</Filter>
    </ClInclude>
    <ClInclude Include="Chili_Other_Stuff\ChiliException.h">
      <Filter>Header Files\Errors</Filter>
    </ClInclude>
    <ClInclude Include="Chili_Other_Stuff\DXErr.h">
      <Filter>Header Files\Errors</Filter>
    </ClInclude>
    <ClInclude Include="Windows\COMInitializer.h">
      <Filter>Header Files\Sound&amp;Graphic</Filter>
    </ClInclude>
    <ClInclude Include="Board\Screen.h">
      <Filter>Header Files\Board</Filter>
    </ClInclude>
    <ClInclude Include="Sounds_Graphics\Sound.h">
      <Filter>Header Files\Sound&amp;Graphic</Filter>
    </ClInclude>
    <ClInclude Include="Sounds_Graphics\SoundEffect.h">
      <Filter>Header Files\Sound&amp;Graphic</Filter>
    </ClInclude>
    <ClInclude Include="Sounds_Graphics\Sprite.h">
      <Filter>Header Files\Sound&amp;Graphic</Filter>
    </ClInclude>
    <ClInclude Include="Generic\Colors.h">
      <Filter>Header Files\Generic</Filter>
    </ClInclude>
    <ClInclude Include="Generic\Time.h">
      <Filter>Header Files\Generic</Filter>
    </ClInclude>
    <ClInclude Include="Generic\Vec2.h">
      <Filter>Header Files\Generic</Filter>
    </ClInclude>
    <ClInclude Include="Sounds_Graphics\PixelEffect.h">
      <Filter>Header Files</Filter>
    </ClInclude>
    <ClInclude Include="Emote_Game\EmoteInterface.h">
      <Filter>Header Files</Filter>
    </ClInclude>
    <ClInclude Include="Emote_Game\EmoteFileWriter.h">
      <Filter>Header Files</Filter>
    </ClInclude>
    <ClInclude Include="Emote_Game\EmoteFileReader.h">
      <Filter>Header Files</Filter>
    </ClInclude>
    <ClInclude Include="Generic\Bit2DataConverter.h">
      <Filter>Header Files</Filter>
    </ClInclude>
  </ItemGroup>
  <ItemGroup>
    <ClCompile Include="Game.cpp">
      <Filter>Source Files</Filter>
    </ClCompile>
    <ClCompile Include="Board\Board.cpp">
      <Filter>Source Files\Board</Filter>
    </ClCompile>
    <ClCompile Include="Board\BoardGenericData.cpp">
      <Filter>Source Files\Board</Filter>
    </ClCompile>
    <ClCompile Include="Emote_Game\EmoteAnimations.cpp">
      <Filter>Source Files\EmoteGame</Filter>
    </ClCompile>
    <ClCompile Include="Emote_Game\EmoteDecor.cpp">
      <Filter>Source Files\EmoteGame</Filter>
    </ClCompile>
    <ClCompile Include="Emote_Game\EmoteGame.cpp">
      <Filter>Source Files\EmoteGame</Filter>
    </ClCompile>
    <ClCompile Include="Emote_Game\EmoteGenericData.cpp">
      <Filter>Source Files\EmoteGame</Filter>
    </ClCompile>
    <ClCompile Include="Emote_Game\EmoteHuman.cpp">
      <Filter>Source Files\EmoteGame</Filter>
    </ClCompile>
    <ClCompile Include="Emote_Game\EmoteMap.cpp">
      <Filter>Source Files\EmoteGame</Filter>
    </ClCompile>
    <ClCompile Include="Sounds_Graphics\Graphics.cpp">
      <Filter>Source Files\Sound&amp;Graphic</Filter>
    </ClCompile>
    <ClCompile Include="Windows\Keyboard.cpp">
      <Filter>Source Files\Window</Filter>
    </ClCompile>
    <ClCompile Include="Windows\Main.cpp">
      <Filter>Source Files\Window</Filter>
    </ClCompile>
    <ClCompile Include="Windows\MainWindow.cpp">
      <Filter>Source Files\Window</Filter>
    </ClCompile>
    <ClCompile Include="Board\MapObject.cpp">
      <Filter>Source Files\Board</Filter>
    </ClCompile>
    <ClCompile Include="Windows\Mouse.cpp">
      <Filter>Source Files\Window</Filter>
    </ClCompile>
    <ClCompile Include="Chili_Other_Stuff\DXErr.cpp">
      <Filter>Source Files\Errors</Filter>
    </ClCompile>
    <ClCompile Include="Windows\COMInitializer.cpp">
      <Filter>Source Files\Sound&amp;Graphic</Filter>
    </ClCompile>
    <ClCompile Include="Board\Screen.cpp">
      <Filter>Source Files\Board</Filter>
    </ClCompile>
    <ClCompile Include="Sounds_Graphics\Sound.cpp">
      <Filter>Source Files\Sound&amp;Graphic</Filter>
    </ClCompile>
    <ClCompile Include="Sounds_Graphics\Sprite.cpp">
      <Filter>Source Files\Sound&amp;Graphic</Filter>
    </ClCompile>
    <ClCompile Include="Generic\Time.cpp">
      <Filter>Source Files\Generic</Filter>
    </ClCompile>
    <ClCompile Include="Generic\Vec2.cpp">
      <Filter>Source Files\Generic</Filter>
    </ClCompile>
    <ClCompile Include="Emote_Game\EmoteInterface.cpp">
      <Filter>Source Files</Filter>
    </ClCompile>
    <ClCompile Include="Emote_Game\EmoteFileWriter.cpp">
      <Filter>Source Files</Filter>
    </ClCompile>
    <ClCompile Include="Emote_Game\EmoteFileReader.cpp">
      <Filter>Source Files</Filter>
    </ClCompile>
    <ClCompile Include="Generic\Bit2DataConverter.cpp">
      <Filter>Source Files</Filter>
    </ClCompile>
  </ItemGroup>
  <ItemGroup>
    <FxCompile Include="Chili_Other_Stuff\FramebufferPS.hlsl">
      <Filter>Shaders</Filter>
    </FxCompile>
    <FxCompile Include="Chili_Other_Stuff\FramebufferVS.hlsl">
      <Filter>Shaders</Filter>
    </FxCompile>
  </ItemGroup>
  <ItemGroup>
    <ResourceCompile Include="Resource.rc">
      <Filter>Resource Files</Filter>
    </ResourceCompile>
  </ItemGroup>
  <ItemGroup>
    <Image Include="Chili.ico">
      <Filter>Resource Files</Filter>
    </Image>
    <Image Include="Ressources\Emote_Ress\TraversePiéton62x133.bmp">
      <Filter>Resource Files</Filter>
    </Image>
    <Image Include="Ressources\Emote_Ress\CitySet1.bmp">
      <Filter>Resource Files</Filter>
    </Image>
    <Image Include="Ressources\Emote_Ress\ReiscantChar1.bmp">
      <Filter>Resource Files</Filter>
    </Image>
  </ItemGroup>
</Project>